
Microsoft Visual Studio Solution File, Format Version 12.00
# Visual Studio Version 17
VisualStudioVersion = 17.8.34330.188
MinimumVisualStudioVersion = 10.0.40219.1
Project("{FAE04EC0-301F-11D3-BF4B-00C04F79EFBC}") = "KanjiClassificationAPI", "KanjiClassificationAPI\KanjiClassificationAPI.csproj", "{B0F3FD9A-ABE7-47EB-8361-542F4163FB1A}"
EndProject
Global
	GlobalSection(SolutionConfigurationPlatforms) = preSolution
		Debug|Any CPU = Debug|Any CPU
		Release|Any CPU = Release|Any CPU
	EndGlobalSection
	GlobalSection(ProjectConfigurationPlatforms) = postSolution
		{B0F3FD9A-ABE7-47EB-8361-542F4163FB1A}.Debug|Any CPU.ActiveCfg = Debug|Any CPU
		{B0F3FD9A-ABE7-47EB-8361-542F4163FB1A}.Debug|Any CPU.Build.0 = Debug|Any CPU
		{B0F3FD9A-ABE7-47EB-8361-542F4163FB1A}.Release|Any CPU.ActiveCfg = Release|Any CPU
		{B0F3FD9A-ABE7-47EB-8361-542F4163FB1A}.Release|Any CPU.Build.0 = Release|Any CPU
	EndGlobalSection
	GlobalSection(SolutionProperties) = preSolution
		HideSolutionNode = FALSE
	EndGlobalSection
	GlobalSection(ExtensibilityGlobals) = postSolution
		SolutionGuid = {8DB8959C-82AE-4CAA-960B-806DC6CF6300}
	EndGlobalSection
EndGlobal
